
Microsoft Visual Studio Solution File, Format Version 12.00
# Visual Studio 15
VisualStudioVersion = 15.0.26730.15
MinimumVisualStudioVersion = 10.0.40219.1
Project("{2150E333-8FDC-42A3-9474-1A3956D46DE8}") = "samples", "samples", "{24218C06-A2F6-41C2-A05A-E6657EAD352F}"
EndProject
Project("{A07B5EB6-E848-4116-A8D0-A826331D98C6}") = "SpeechLuisCongnitive", "samples\SpeechLuisCongnitive\SpeechLuisCongnitive.sfproj", "{BE85A3EA-A128-4BFF-A278-74FD94D18F47}"
EndProject
Project("{9A19103F-16F7-4668-BE54-9A1E7A4F7556}") = "SpeechEntry", "samples\SpeechEntry\SpeechEntry.csproj", "{2E7C6BB9-191B-42BC-9448-C357D18FAF70}"
EndProject
Project("{2150E333-8FDC-42A3-9474-1A3956D46DE8}") = "src", "src", "{2F860EC8-F1EC-4792-A964-26130BF34E24}"
EndProject
Project("{9A19103F-16F7-4668-BE54-9A1E7A4F7556}") = "SF.Async.Core", "src\SF.Async.Core\SF.Async.Core.csproj", "{AB6D635A-2740-42D6-806A-D0443F9CCFDD}"
EndProject
Project("{9A19103F-16F7-4668-BE54-9A1E7A4F7556}") = "SF.Async.Usage", "src\SF.Async.Usage\SF.Async.Usage.csproj", "{92BBB358-ECC3-4B39-8F4A-0A7C4ADF13B6}"
EndProject
Project("{FAE04EC0-301F-11D3-BF4B-00C04F79EFBC}") = "Silk2WavService", "samples\Silk2WavService\Silk2WavService.csproj", "{43580221-73B5-4FBC-BD57-CEAAEBE38A78}"
EndProject
Project("{FAE04EC0-301F-11D3-BF4B-00C04F79EFBC}") = "Text2IntentionService", "samples\Text2IntentionService\Text2IntentionService.csproj", "{6BA0C90E-4F64-406E-85DF-39C25F8A45D4}"
EndProject
Project("{FAE04EC0-301F-11D3-BF4B-00C04F79EFBC}") = "Speech2TextService", "samples\Speech2TextService\Speech2TextService.csproj", "{6E15A691-BC67-469C-ABC1-D28782A57737}"
EndProject
Project("{9A19103F-16F7-4668-BE54-9A1E7A4F7556}") = "Common", "samples\Common\Common.csproj", "{40AB2CEE-0576-4FC0-A21D-0A169C9F75B8}"
EndProject
Project("{FAE04EC0-301F-11D3-BF4B-00C04F79EFBC}") = "SF.Async.EasyDI", "src\SF.Async.EasyDI\SF.Async.EasyDI.csproj", "{EE916317-282F-4AA9-8793-2A2ADB584070}"
EndProject
Project("{2150E333-8FDC-42A3-9474-1A3956D46DE8}") = "test", "test", "{FEE0594A-69E6-4C64-8BAB-0EEB596B141D}"
EndProject
Project("{FAE04EC0-301F-11D3-BF4B-00C04F79EFBC}") = "EasyDI.Tests", "test\EasyDI.Tests\EasyDI.Tests.csproj", "{16216C38-AF96-4CC1-BD8F-DEACD6D758A7}"
EndProject
Global
	GlobalSection(SolutionConfigurationPlatforms) = preSolution
		Debug|Any CPU = Debug|Any CPU
		Debug|x64 = Debug|x64
		Release|Any CPU = Release|Any CPU
		Release|x64 = Release|x64
	EndGlobalSection
	GlobalSection(ProjectConfigurationPlatforms) = postSolution
		{BE85A3EA-A128-4BFF-A278-74FD94D18F47}.Debug|Any CPU.ActiveCfg = Debug|x64
		{BE85A3EA-A128-4BFF-A278-74FD94D18F47}.Debug|x64.ActiveCfg = Debug|x64
		{BE85A3EA-A128-4BFF-A278-74FD94D18F47}.Debug|x64.Build.0 = Debug|x64
		{BE85A3EA-A128-4BFF-A278-74FD94D18F47}.Debug|x64.Deploy.0 = Debug|x64
		{BE85A3EA-A128-4BFF-A278-74FD94D18F47}.Release|Any CPU.ActiveCfg = Release|x64
		{BE85A3EA-A128-4BFF-A278-74FD94D18F47}.Release|x64.ActiveCfg = Release|x64
		{BE85A3EA-A128-4BFF-A278-74FD94D18F47}.Release|x64.Build.0 = Release|x64
		{BE85A3EA-A128-4BFF-A278-74FD94D18F47}.Release|x64.Deploy.0 = Release|x64
		{2E7C6BB9-191B-42BC-9448-C357D18FAF70}.Debug|Any CPU.ActiveCfg = Debug|Any CPU
		{2E7C6BB9-191B-42BC-9448-C357D18FAF70}.Debug|Any CPU.Build.0 = Debug|Any CPU
		{2E7C6BB9-191B-42BC-9448-C357D18FAF70}.Debug|x64.ActiveCfg = Debug|Any CPU
		{2E7C6BB9-191B-42BC-9448-C357D18FAF70}.Debug|x64.Build.0 = Debug|Any CPU
		{2E7C6BB9-191B-42BC-9448-C357D18FAF70}.Release|Any CPU.ActiveCfg = Release|Any CPU
		{2E7C6BB9-191B-42BC-9448-C357D18FAF70}.Release|Any CPU.Build.0 = Release|Any CPU
		{2E7C6BB9-191B-42BC-9448-C357D18FAF70}.Release|x64.ActiveCfg = Release|Any CPU
		{2E7C6BB9-191B-42BC-9448-C357D18FAF70}.Release|x64.Build.0 = Release|Any CPU
		{AB6D635A-2740-42D6-806A-D0443F9CCFDD}.Debug|Any CPU.ActiveCfg = Debug|Any CPU
		{AB6D635A-2740-42D6-806A-D0443F9CCFDD}.Debug|Any CPU.Build.0 = Debug|Any CPU
		{AB6D635A-2740-42D6-806A-D0443F9CCFDD}.Debug|x64.ActiveCfg = Debug|Any CPU
		{AB6D635A-2740-42D6-806A-D0443F9CCFDD}.Debug|x64.Build.0 = Debug|Any CPU
		{AB6D635A-2740-42D6-806A-D0443F9CCFDD}.Release|Any CPU.ActiveCfg = Release|Any CPU
		{AB6D635A-2740-42D6-806A-D0443F9CCFDD}.Release|Any CPU.Build.0 = Release|Any CPU
		{AB6D635A-2740-42D6-806A-D0443F9CCFDD}.Release|x64.ActiveCfg = Release|Any CPU
		{AB6D635A-2740-42D6-806A-D0443F9CCFDD}.Release|x64.Build.0 = Release|Any CPU
		{92BBB358-ECC3-4B39-8F4A-0A7C4ADF13B6}.Debug|Any CPU.ActiveCfg = Debug|Any CPU
		{92BBB358-ECC3-4B39-8F4A-0A7C4ADF13B6}.Debug|Any CPU.Build.0 = Debug|Any CPU
		{92BBB358-ECC3-4B39-8F4A-0A7C4ADF13B6}.Debug|x64.ActiveCfg = Debug|Any CPU
		{92BBB358-ECC3-4B39-8F4A-0A7C4ADF13B6}.Debug|x64.Build.0 = Debug|Any CPU
		{92BBB358-ECC3-4B39-8F4A-0A7C4ADF13B6}.Release|Any CPU.ActiveCfg = Release|Any CPU
		{92BBB358-ECC3-4B39-8F4A-0A7C4ADF13B6}.Release|Any CPU.Build.0 = Release|Any CPU
		{92BBB358-ECC3-4B39-8F4A-0A7C4ADF13B6}.Release|x64.ActiveCfg = Release|Any CPU
		{92BBB358-ECC3-4B39-8F4A-0A7C4ADF13B6}.Release|x64.Build.0 = Release|Any CPU
		{43580221-73B5-4FBC-BD57-CEAAEBE38A78}.Debug|Any CPU.ActiveCfg = Debug|x64
		{43580221-73B5-4FBC-BD57-CEAAEBE38A78}.Debug|x64.ActiveCfg = Debug|x64
		{43580221-73B5-4FBC-BD57-CEAAEBE38A78}.Debug|x64.Build.0 = Debug|x64
		{43580221-73B5-4FBC-BD57-CEAAEBE38A78}.Release|Any CPU.ActiveCfg = Release|x64
		{43580221-73B5-4FBC-BD57-CEAAEBE38A78}.Release|x64.ActiveCfg = Release|x64
		{43580221-73B5-4FBC-BD57-CEAAEBE38A78}.Release|x64.Build.0 = Release|x64
		{6BA0C90E-4F64-406E-85DF-39C25F8A45D4}.Debug|Any CPU.ActiveCfg = Debug|x64
		{6BA0C90E-4F64-406E-85DF-39C25F8A45D4}.Debug|x64.ActiveCfg = Debug|x64
		{6BA0C90E-4F64-406E-85DF-39C25F8A45D4}.Debug|x64.Build.0 = Debug|x64
		{6BA0C90E-4F64-406E-85DF-39C25F8A45D4}.Release|Any CPU.ActiveCfg = Release|x64
		{6BA0C90E-4F64-406E-85DF-39C25F8A45D4}.Release|x64.ActiveCfg = Release|x64
		{6BA0C90E-4F64-406E-85DF-39C25F8A45D4}.Release|x64.Build.0 = Release|x64
		{6E15A691-BC67-469C-ABC1-D28782A57737}.Debug|Any CPU.ActiveCfg = Debug|x64
		{6E15A691-BC67-469C-ABC1-D28782A57737}.Debug|x64.ActiveCfg = Debug|x64
		{6E15A691-BC67-469C-ABC1-D28782A57737}.Debug|x64.Build.0 = Debug|x64
		{6E15A691-BC67-469C-ABC1-D28782A57737}.Release|Any CPU.ActiveCfg = Release|x64
		{6E15A691-BC67-469C-ABC1-D28782A57737}.Release|x64.ActiveCfg = Release|x64
		{6E15A691-BC67-469C-ABC1-D28782A57737}.Release|x64.Build.0 = Release|x64
		{40AB2CEE-0576-4FC0-A21D-0A169C9F75B8}.Debug|Any CPU.ActiveCfg = Debug|Any CPU
		{40AB2CEE-0576-4FC0-A21D-0A169C9F75B8}.Debug|Any CPU.Build.0 = Debug|Any CPU
		{40AB2CEE-0576-4FC0-A21D-0A169C9F75B8}.Debug|x64.ActiveCfg = Debug|Any CPU
		{40AB2CEE-0576-4FC0-A21D-0A169C9F75B8}.Debug|x64.Build.0 = Debug|Any CPU
		{40AB2CEE-0576-4FC0-A21D-0A169C9F75B8}.Release|Any CPU.ActiveCfg = Release|Any CPU
		{40AB2CEE-0576-4FC0-A21D-0A169C9F75B8}.Release|Any CPU.Build.0 = Release|Any CPU
		{40AB2CEE-0576-4FC0-A21D-0A169C9F75B8}.Release|x64.ActiveCfg = Release|Any CPU
		{40AB2CEE-0576-4FC0-A21D-0A169C9F75B8}.Release|x64.Build.0 = Release|Any CPU
		{EE916317-282F-4AA9-8793-2A2ADB584070}.Debug|Any CPU.ActiveCfg = Debug|Any CPU
		{EE916317-282F-4AA9-8793-2A2ADB584070}.Debug|Any CPU.Build.0 = Debug|Any CPU
		{EE916317-282F-4AA9-8793-2A2ADB584070}.Debug|x64.ActiveCfg = Debug|Any CPU
		{EE916317-282F-4AA9-8793-2A2ADB584070}.Debug|x64.Build.0 = Debug|Any CPU
		{EE916317-282F-4AA9-8793-2A2ADB584070}.Release|Any CPU.ActiveCfg = Release|Any CPU
		{EE916317-282F-4AA9-8793-2A2ADB584070}.Release|Any CPU.Build.0 = Release|Any CPU
		{EE916317-282F-4AA9-8793-2A2ADB584070}.Release|x64.ActiveCfg = Release|Any CPU
		{EE916317-282F-4AA9-8793-2A2ADB584070}.Release|x64.Build.0 = Release|Any CPU
		{16216C38-AF96-4CC1-BD8F-DEACD6D758A7}.Debug|Any CPU.ActiveCfg = Debug|Any CPU
		{16216C38-AF96-4CC1-BD8F-DEACD6D758A7}.Debug|Any CPU.Build.0 = Debug|Any CPU
		{16216C38-AF96-4CC1-BD8F-DEACD6D758A7}.Debug|x64.ActiveCfg = Debug|Any CPU
		{16216C38-AF96-4CC1-BD8F-DEACD6D758A7}.Debug|x64.Build.0 = Debug|Any CPU
		{16216C38-AF96-4CC1-BD8F-DEACD6D758A7}.Release|Any CPU.ActiveCfg = Release|Any CPU
		{16216C38-AF96-4CC1-BD8F-DEACD6D758A7}.Release|Any CPU.Build.0 = Release|Any CPU
		{16216C38-AF96-4CC1-BD8F-DEACD6D758A7}.Release|x64.ActiveCfg = Release|Any CPU
		{16216C38-AF96-4CC1-BD8F-DEACD6D758A7}.Release|x64.Build.0 = Release|Any CPU
	EndGlobalSection
	GlobalSection(SolutionProperties) = preSolution
		HideSolutionNode = FALSE
	EndGlobalSection
	GlobalSection(NestedProjects) = preSolution
		{BE85A3EA-A128-4BFF-A278-74FD94D18F47} = {24218C06-A2F6-41C2-A05A-E6657EAD352F}
		{2E7C6BB9-191B-42BC-9448-C357D18FAF70} = {24218C06-A2F6-41C2-A05A-E6657EAD352F}
		{AB6D635A-2740-42D6-806A-D0443F9CCFDD} = {2F860EC8-F1EC-4792-A964-26130BF34E24}
		{92BBB358-ECC3-4B39-8F4A-0A7C4ADF13B6} = {2F860EC8-F1EC-4792-A964-26130BF34E24}
		{43580221-73B5-4FBC-BD57-CEAAEBE38A78} = {24218C06-A2F6-41C2-A05A-E6657EAD352F}
		{6BA0C90E-4F64-406E-85DF-39C25F8A45D4} = {24218C06-A2F6-41C2-A05A-E6657EAD352F}
		{6E15A691-BC67-469C-ABC1-D28782A57737} = {24218C06-A2F6-41C2-A05A-E6657EAD352F}
		{40AB2CEE-0576-4FC0-A21D-0A169C9F75B8} = {24218C06-A2F6-41C2-A05A-E6657EAD352F}
		{EE916317-282F-4AA9-8793-2A2ADB584070} = {2F860EC8-F1EC-4792-A964-26130BF34E24}
		{16216C38-AF96-4CC1-BD8F-DEACD6D758A7} = {FEE0594A-69E6-4C64-8BAB-0EEB596B141D}
	EndGlobalSection
	GlobalSection(ExtensibilityGlobals) = postSolution
		SolutionGuid = {75A95B76-C876-4A27-B456-B9DFCA26EF68}
	EndGlobalSection
EndGlobal
